
Microsoft Visual Studio Solution File, Format Version 12.00
# Visual Studio Version 17
VisualStudioVersion = 17.11.35222.181
MinimumVisualStudioVersion = 10.0.40219.1
Project("{9A19103F-16F7-4668-BE54-9A1E7A4F7556}") = "Validata.OrderManagementSystem.Web.API", "Validata.OrderManagementSystem.Web.API\Validata.OrderManagementSystem.Web.API.csproj", "{26E8DAFB-9094-4F22-B8A3-E75F2BD9F8BA}"
EndProject
Project("{9A19103F-16F7-4668-BE54-9A1E7A4F7556}") = "Validata.OrderManagementSystem.Configuration", "Validata.OrderManagementSystem.Configuration\Validata.OrderManagementSystem.Configuration.csproj", "{8DFBEFDF-2885-4694-B2EB-67D61039831C}"
EndProject
Project("{9A19103F-16F7-4668-BE54-9A1E7A4F7556}") = "Validata.OrderManagementSystem.Application", "Validata.OrderManagementSystem.Application\Validata.OrderManagementSystem.Application.csproj", "{D0220006-90E8-4796-9D05-8EC53559B13E}"
EndProject
Project("{9A19103F-16F7-4668-BE54-9A1E7A4F7556}") = "Validata.OrderManagementSystem.Domain", "Validata.OrderManagementSystem.Domain\Validata.OrderManagementSystem.Domain.csproj", "{A8AEE49F-7E2C-4291-9FD4-D1B7A6E7C29D}"
EndProject
Project("{9A19103F-16F7-4668-BE54-9A1E7A4F7556}") = "Validata.OrderManagementSystem.Persistence", "Validata.OrderManagementSystem.Persistence\Validata.OrderManagementSystem.Persistence.csproj", "{2640CC62-8415-46BD-8534-A93F43386851}"
EndProject
Project("{9A19103F-16F7-4668-BE54-9A1E7A4F7556}") = "Validata.OrderManagementSystem.Tests", "Validata.OrderManagementSystem.Tests\Validata.OrderManagementSystem.Tests.csproj", "{CBE3FC2A-37E5-4B5C-9631-D4C2A4FB4930}"
EndProject
Project("{2150E333-8FDC-42A3-9474-1A3956D46DE8}") = "Solution Items", "Solution Items", "{EFB1FA4E-2ADA-45F2-9349-60A092C92F1E}"
	ProjectSection(SolutionItems) = preProject
		README.md = README.md
	EndProjectSection
EndProject
Global
	GlobalSection(SolutionConfigurationPlatforms) = preSolution
		Debug|Any CPU = Debug|Any CPU
		Release|Any CPU = Release|Any CPU
	EndGlobalSection
	GlobalSection(ProjectConfigurationPlatforms) = postSolution
		{26E8DAFB-9094-4F22-B8A3-E75F2BD9F8BA}.Debug|Any CPU.ActiveCfg = Debug|Any CPU
		{26E8DAFB-9094-4F22-B8A3-E75F2BD9F8BA}.Debug|Any CPU.Build.0 = Debug|Any CPU
		{26E8DAFB-9094-4F22-B8A3-E75F2BD9F8BA}.Release|Any CPU.ActiveCfg = Release|Any CPU
		{26E8DAFB-9094-4F22-B8A3-E75F2BD9F8BA}.Release|Any CPU.Build.0 = Release|Any CPU
		{8DFBEFDF-2885-4694-B2EB-67D61039831C}.Debug|Any CPU.ActiveCfg = Debug|Any CPU
		{8DFBEFDF-2885-4694-B2EB-67D61039831C}.Debug|Any CPU.Build.0 = Debug|Any CPU
		{8DFBEFDF-2885-4694-B2EB-67D61039831C}.Release|Any CPU.ActiveCfg = Release|Any CPU
		{8DFBEFDF-2885-4694-B2EB-67D61039831C}.Release|Any CPU.Build.0 = Release|Any CPU
		{D0220006-90E8-4796-9D05-8EC53559B13E}.Debug|Any CPU.ActiveCfg = Debug|Any CPU
		{D0220006-90E8-4796-9D05-8EC53559B13E}.Debug|Any CPU.Build.0 = Debug|Any CPU
		{D0220006-90E8-4796-9D05-8EC53559B13E}.Release|Any CPU.ActiveCfg = Release|Any CPU
		{D0220006-90E8-4796-9D05-8EC53559B13E}.Release|Any CPU.Build.0 = Release|Any CPU
		{A8AEE49F-7E2C-4291-9FD4-D1B7A6E7C29D}.Debug|Any CPU.ActiveCfg = Debug|Any CPU
		{A8AEE49F-7E2C-4291-9FD4-D1B7A6E7C29D}.Debug|Any CPU.Build.0 = Debug|Any CPU
		{A8AEE49F-7E2C-4291-9FD4-D1B7A6E7C29D}.Release|Any CPU.ActiveCfg = Release|Any CPU
		{A8AEE49F-7E2C-4291-9FD4-D1B7A6E7C29D}.Release|Any CPU.Build.0 = Release|Any CPU
		{2640CC62-8415-46BD-8534-A93F43386851}.Debug|Any CPU.ActiveCfg = Debug|Any CPU
		{2640CC62-8415-46BD-8534-A93F43386851}.Debug|Any CPU.Build.0 = Debug|Any CPU
		{2640CC62-8415-46BD-8534-A93F43386851}.Release|Any CPU.ActiveCfg = Release|Any CPU
		{2640CC62-8415-46BD-8534-A93F43386851}.Release|Any CPU.Build.0 = Release|Any CPU
		{CBE3FC2A-37E5-4B5C-9631-D4C2A4FB4930}.Debug|Any CPU.ActiveCfg = Debug|Any CPU
		{CBE3FC2A-37E5-4B5C-9631-D4C2A4FB4930}.Debug|Any CPU.Build.0 = Debug|Any CPU
		{CBE3FC2A-37E5-4B5C-9631-D4C2A4FB4930}.Release|Any CPU.ActiveCfg = Release|Any CPU
		{CBE3FC2A-37E5-4B5C-9631-D4C2A4FB4930}.Release|Any CPU.Build.0 = Release|Any CPU
	EndGlobalSection
	GlobalSection(SolutionProperties) = preSolution
		HideSolutionNode = FALSE
	EndGlobalSection
	GlobalSection(ExtensibilityGlobals) = postSolution
		SolutionGuid = {B4E7D775-0320-405E-B75A-050960B9BA19}
	EndGlobalSection
EndGlobal
