
Microsoft Visual Studio Solution File, Format Version 12.00
Project("{FAE04EC0-301F-11D3-BF4B-00C04F79EFBC}") = "Validata.OrderManagementSystem.Web.API", "Validata.OrderManagementSystem.Web.API\Validata.OrderManagementSystem.Web.API.csproj", "{26E8DAFB-9094-4F22-B8A3-E75F2BD9F8BA}"
EndProject
Project("{FAE04EC0-301F-11D3-BF4B-00C04F79EFBC}") = "Validata.OrderManagementSystem.Configuration", "Validata.OrderManagementSystem.Configuration\Validata.OrderManagementSystem.Configuration.csproj", "{8DFBEFDF-2885-4694-B2EB-67D61039831C}"
EndProject
Project("{FAE04EC0-301F-11D3-BF4B-00C04F79EFBC}") = "Validata.OrderManagementSystem.Application", "Validata.OrderManagementSystem.Application\Validata.OrderManagementSystem.Application.csproj", "{D0220006-90E8-4796-9D05-8EC53559B13E}"
EndProject
Project("{FAE04EC0-301F-11D3-BF4B-00C04F79EFBC}") = "Validata.OrderManagementSystem.Domain", "Validata.OrderManagementSystem.Domain\Validata.OrderManagementSystem.Domain.csproj", "{A8AEE49F-7E2C-4291-9FD4-D1B7A6E7C29D}"
EndProject
Project("{FAE04EC0-301F-11D3-BF4B-00C04F79EFBC}") = "Validata.OrderManagementSystem.Persistence", "Validata.OrderManagementSystem.Persistence\Validata.OrderManagementSystem.Persistence.csproj", "{2640CC62-8415-46BD-8534-A93F43386851}"
EndProject
Global
	GlobalSection(SolutionConfigurationPlatforms) = preSolution
		Debug|Any CPU = Debug|Any CPU
		Release|Any CPU = Release|Any CPU
	EndGlobalSection
	GlobalSection(ProjectConfigurationPlatforms) = postSolution
		{26E8DAFB-9094-4F22-B8A3-E75F2BD9F8BA}.Debug|Any CPU.ActiveCfg = Debug|Any CPU
		{26E8DAFB-9094-4F22-B8A3-E75F2BD9F8BA}.Debug|Any CPU.Build.0 = Debug|Any CPU
		{26E8DAFB-9094-4F22-B8A3-E75F2BD9F8BA}.Release|Any CPU.ActiveCfg = Release|Any CPU
		{26E8DAFB-9094-4F22-B8A3-E75F2BD9F8BA}.Release|Any CPU.Build.0 = Release|Any CPU
		{8DFBEFDF-2885-4694-B2EB-67D61039831C}.Debug|Any CPU.ActiveCfg = Debug|Any CPU
		{8DFBEFDF-2885-4694-B2EB-67D61039831C}.Debug|Any CPU.Build.0 = Debug|Any CPU
		{8DFBEFDF-2885-4694-B2EB-67D61039831C}.Release|Any CPU.ActiveCfg = Release|Any CPU
		{8DFBEFDF-2885-4694-B2EB-67D61039831C}.Release|Any CPU.Build.0 = Release|Any CPU
		{D0220006-90E8-4796-9D05-8EC53559B13E}.Debug|Any CPU.ActiveCfg = Debug|Any CPU
		{D0220006-90E8-4796-9D05-8EC53559B13E}.Debug|Any CPU.Build.0 = Debug|Any CPU
		{D0220006-90E8-4796-9D05-8EC53559B13E}.Release|Any CPU.ActiveCfg = Release|Any CPU
		{D0220006-90E8-4796-9D05-8EC53559B13E}.Release|Any CPU.Build.0 = Release|Any CPU
		{A8AEE49F-7E2C-4291-9FD4-D1B7A6E7C29D}.Debug|Any CPU.ActiveCfg = Debug|Any CPU
		{A8AEE49F-7E2C-4291-9FD4-D1B7A6E7C29D}.Debug|Any CPU.Build.0 = Debug|Any CPU
		{A8AEE49F-7E2C-4291-9FD4-D1B7A6E7C29D}.Release|Any CPU.ActiveCfg = Release|Any CPU
		{A8AEE49F-7E2C-4291-9FD4-D1B7A6E7C29D}.Release|Any CPU.Build.0 = Release|Any CPU
		{2640CC62-8415-46BD-8534-A93F43386851}.Debug|Any CPU.ActiveCfg = Debug|Any CPU
		{2640CC62-8415-46BD-8534-A93F43386851}.Debug|Any CPU.Build.0 = Debug|Any CPU
		{2640CC62-8415-46BD-8534-A93F43386851}.Release|Any CPU.ActiveCfg = Release|Any CPU
		{2640CC62-8415-46BD-8534-A93F43386851}.Release|Any CPU.Build.0 = Release|Any CPU
	EndGlobalSection
EndGlobal
